
Microsoft Visual Studio Solution File, Format Version 12.00
# Visual Studio Version 17
VisualStudioVersion = 17.7.34018.315
MinimumVisualStudioVersion = 10.0.40219.1
Project("{FAE04EC0-301F-11D3-BF4B-00C04F79EFBC}") = "Image processing", "Image processing\Image processing.csproj", "{34AFF91C-EB1C-4926-8AA6-0935BC5A6C44}"
EndProject
Global
	GlobalSection(SolutionConfigurationPlatforms) = preSolution
		Debug|Any CPU = Debug|Any CPU
		Release|Any CPU = Release|Any CPU
	EndGlobalSection
	GlobalSection(ProjectConfigurationPlatforms) = postSolution
		{34AFF91C-EB1C-4926-8AA6-0935BC5A6C44}.Debug|Any CPU.ActiveCfg = Debug|Any CPU
		{34AFF91C-EB1C-4926-8AA6-0935BC5A6C44}.Debug|Any CPU.Build.0 = Debug|Any CPU
		{34AFF91C-EB1C-4926-8AA6-0935BC5A6C44}.Release|Any CPU.ActiveCfg = Release|Any CPU
		{34AFF91C-EB1C-4926-8AA6-0935BC5A6C44}.Release|Any CPU.Build.0 = Release|Any CPU
	EndGlobalSection
	GlobalSection(SolutionProperties) = preSolution
		HideSolutionNode = FALSE
	EndGlobalSection
	GlobalSection(ExtensibilityGlobals) = postSolution
		SolutionGuid = {4E0BC8D9-DF6A-4282-B426-A8BEED7A748A}
	EndGlobalSection
EndGlobal
